
Microsoft Visual Studio Solution File, Format Version 12.00
# Visual Studio Version 17
VisualStudioVersion = 17.14.36511.14 d17.14
MinimumVisualStudioVersion = 10.0.40219.1
Project("{FAE04EC0-301F-11D3-BF4B-00C04F79EFBC}") = "test zalupa", "test zalupa\test zalupa.csproj", "{179C90AA-34F7-49BF-B7FB-A98D572F1663}"
EndProject
Global
	GlobalSection(SolutionConfigurationPlatforms) = preSolution
		Debug|Any CPU = Debug|Any CPU
		Release|Any CPU = Release|Any CPU
	EndGlobalSection
	GlobalSection(ProjectConfigurationPlatforms) = postSolution
		{179C90AA-34F7-49BF-B7FB-A98D572F1663}.Debug|Any CPU.ActiveCfg = Debug|Any CPU
		{179C90AA-34F7-49BF-B7FB-A98D572F1663}.Debug|Any CPU.Build.0 = Debug|Any CPU
		{179C90AA-34F7-49BF-B7FB-A98D572F1663}.Release|Any CPU.ActiveCfg = Release|Any CPU
		{179C90AA-34F7-49BF-B7FB-A98D572F1663}.Release|Any CPU.Build.0 = Release|Any CPU
	EndGlobalSection
	GlobalSection(SolutionProperties) = preSolution
		HideSolutionNode = FALSE
	EndGlobalSection
	GlobalSection(ExtensibilityGlobals) = postSolution
		SolutionGuid = {30364919-0DAC-49D4-AB53-C82FC1198881}
	EndGlobalSection
EndGlobal
