
Microsoft Visual Studio Solution File, Format Version 12.00
# Visual Studio Version 17
VisualStudioVersion = 17.14.36511.14 d17.14
MinimumVisualStudioVersion = 10.0.40219.1
Project("{FAE04EC0-301F-11D3-BF4B-00C04F79EFBC}") = "C# files_lesson", "C# files_lesson\C# files_lesson.csproj", "{1F49512B-F867-47DA-804C-CE745ED5194C}"
EndProject
Global
	GlobalSection(SolutionConfigurationPlatforms) = preSolution
		Debug|Any CPU = Debug|Any CPU
		Release|Any CPU = Release|Any CPU
	EndGlobalSection
	GlobalSection(ProjectConfigurationPlatforms) = postSolution
		{1F49512B-F867-47DA-804C-CE745ED5194C}.Debug|Any CPU.ActiveCfg = Debug|Any CPU
		{1F49512B-F867-47DA-804C-CE745ED5194C}.Debug|Any CPU.Build.0 = Debug|Any CPU
		{1F49512B-F867-47DA-804C-CE745ED5194C}.Release|Any CPU.ActiveCfg = Release|Any CPU
		{1F49512B-F867-47DA-804C-CE745ED5194C}.Release|Any CPU.Build.0 = Release|Any CPU
	EndGlobalSection
	GlobalSection(SolutionProperties) = preSolution
		HideSolutionNode = FALSE
	EndGlobalSection
	GlobalSection(ExtensibilityGlobals) = postSolution
		SolutionGuid = {FEE8221A-3758-4124-9118-438F8F77F4AE}
	EndGlobalSection
EndGlobal
