
Microsoft Visual Studio Solution File, Format Version 12.00
# Visual Studio Version 17
VisualStudioVersion = 17.14.36511.14 d17.14
MinimumVisualStudioVersion = 10.0.40219.1
Project("{FAE04EC0-301F-11D3-BF4B-00C04F79EFBC}") = "Server", "TCP2\Server.csproj", "{B97B8179-40B4-422C-AB43-BEFC8C4AAD83}"
EndProject
Project("{FAE04EC0-301F-11D3-BF4B-00C04F79EFBC}") = "Client", "Client\Client.csproj", "{DDA3950F-FA99-4F77-9800-BB4581B017C7}"
EndProject
Global
	GlobalSection(SolutionConfigurationPlatforms) = preSolution
		Debug|Any CPU = Debug|Any CPU
		Release|Any CPU = Release|Any CPU
	EndGlobalSection
	GlobalSection(ProjectConfigurationPlatforms) = postSolution
		{B97B8179-40B4-422C-AB43-BEFC8C4AAD83}.Debug|Any CPU.ActiveCfg = Debug|Any CPU
		{B97B8179-40B4-422C-AB43-BEFC8C4AAD83}.Debug|Any CPU.Build.0 = Debug|Any CPU
		{B97B8179-40B4-422C-AB43-BEFC8C4AAD83}.Release|Any CPU.ActiveCfg = Release|Any CPU
		{B97B8179-40B4-422C-AB43-BEFC8C4AAD83}.Release|Any CPU.Build.0 = Release|Any CPU
		{DDA3950F-FA99-4F77-9800-BB4581B017C7}.Debug|Any CPU.ActiveCfg = Debug|Any CPU
		{DDA3950F-FA99-4F77-9800-BB4581B017C7}.Debug|Any CPU.Build.0 = Debug|Any CPU
		{DDA3950F-FA99-4F77-9800-BB4581B017C7}.Release|Any CPU.ActiveCfg = Release|Any CPU
		{DDA3950F-FA99-4F77-9800-BB4581B017C7}.Release|Any CPU.Build.0 = Release|Any CPU
	EndGlobalSection
	GlobalSection(SolutionProperties) = preSolution
		HideSolutionNode = FALSE
	EndGlobalSection
	GlobalSection(ExtensibilityGlobals) = postSolution
		SolutionGuid = {8B830323-15F1-4B02-BA2B-BC36DDBD1065}
	EndGlobalSection
EndGlobal
