
Microsoft Visual Studio Solution File, Format Version 12.00
# Visual Studio Version 17
VisualStudioVersion = 17.14.36511.14 d17.14
MinimumVisualStudioVersion = 10.0.40219.1
Project("{FAE04EC0-301F-11D3-BF4B-00C04F79EFBC}") = "day-to-year", "day-to-year\day-to-year.csproj", "{80F1E522-4237-40A1-838A-F97972DC574E}"
EndProject
Global
	GlobalSection(SolutionConfigurationPlatforms) = preSolution
		Debug|Any CPU = Debug|Any CPU
		Release|Any CPU = Release|Any CPU
	EndGlobalSection
	GlobalSection(ProjectConfigurationPlatforms) = postSolution
		{80F1E522-4237-40A1-838A-F97972DC574E}.Debug|Any CPU.ActiveCfg = Debug|Any CPU
		{80F1E522-4237-40A1-838A-F97972DC574E}.Debug|Any CPU.Build.0 = Debug|Any CPU
		{80F1E522-4237-40A1-838A-F97972DC574E}.Release|Any CPU.ActiveCfg = Release|Any CPU
		{80F1E522-4237-40A1-838A-F97972DC574E}.Release|Any CPU.Build.0 = Release|Any CPU
	EndGlobalSection
	GlobalSection(SolutionProperties) = preSolution
		HideSolutionNode = FALSE
	EndGlobalSection
	GlobalSection(ExtensibilityGlobals) = postSolution
		SolutionGuid = {3C196D88-255C-43FF-A7FC-6D37A4414AC8}
	EndGlobalSection
EndGlobal
