
Microsoft Visual Studio Solution File, Format Version 12.00
# Visual Studio Version 17
VisualStudioVersion = 17.14.36511.14 d17.14
MinimumVisualStudioVersion = 10.0.40219.1
Project("{FAE04EC0-301F-11D3-BF4B-00C04F79EFBC}") = "Exceptions, namespace", "Exceptions, namespace\Exceptions, namespace.csproj", "{2237629F-3891-4CC2-8D05-25A6EA3D2348}"
EndProject
Global
	GlobalSection(SolutionConfigurationPlatforms) = preSolution
		Debug|Any CPU = Debug|Any CPU
		Release|Any CPU = Release|Any CPU
	EndGlobalSection
	GlobalSection(ProjectConfigurationPlatforms) = postSolution
		{2237629F-3891-4CC2-8D05-25A6EA3D2348}.Debug|Any CPU.ActiveCfg = Debug|Any CPU
		{2237629F-3891-4CC2-8D05-25A6EA3D2348}.Debug|Any CPU.Build.0 = Debug|Any CPU
		{2237629F-3891-4CC2-8D05-25A6EA3D2348}.Release|Any CPU.ActiveCfg = Release|Any CPU
		{2237629F-3891-4CC2-8D05-25A6EA3D2348}.Release|Any CPU.Build.0 = Release|Any CPU
	EndGlobalSection
	GlobalSection(SolutionProperties) = preSolution
		HideSolutionNode = FALSE
	EndGlobalSection
	GlobalSection(ExtensibilityGlobals) = postSolution
		SolutionGuid = {05289606-5AB0-4316-B24B-12F6685E0923}
	EndGlobalSection
EndGlobal
